
Microsoft Visual Studio Solution File, Format Version 11.00
# Visual C++ Express 2010
Project("{8BC9CEB8-8B4A-11D0-8D11-00A0C91BC942}") = "ShapeokoTinyG", "ShapeokoTinyG\ShapeokoTinyG.vcxproj", "{10DCE21A-3316-4C6D-954F-3EDD33675245}"
EndProject
Project("{8BC9CEB8-8B4A-11D0-8D11-00A0C91BC942}") = "MMDevice-SharedRuntime", "..\..\..\micromanager\MMDevice\MMDevice-SharedRuntime.vcxproj", "{B8C95F39-54BF-40A9-807B-598DF2821D55}"
EndProject
Global
	GlobalSection(SolutionConfigurationPlatforms) = preSolution
		Debug|Mixed Platforms = Debug|Mixed Platforms
		Debug|Win32 = Debug|Win32
		Debug|x64 = Debug|x64
		Release|Mixed Platforms = Release|Mixed Platforms
		Release|Win32 = Release|Win32
		Release|x64 = Release|x64
	EndGlobalSection
	GlobalSection(ProjectConfigurationPlatforms) = postSolution
		{10DCE21A-3316-4C6D-954F-3EDD33675245}.Debug|Mixed Platforms.ActiveCfg = Debug|x64
		{10DCE21A-3316-4C6D-954F-3EDD33675245}.Debug|Mixed Platforms.Build.0 = Debug|x64
		{10DCE21A-3316-4C6D-954F-3EDD33675245}.Debug|Win32.ActiveCfg = Debug|Win32
		{10DCE21A-3316-4C6D-954F-3EDD33675245}.Debug|Win32.Build.0 = Debug|Win32
		{10DCE21A-3316-4C6D-954F-3EDD33675245}.Debug|x64.ActiveCfg = Debug|x64
		{10DCE21A-3316-4C6D-954F-3EDD33675245}.Debug|x64.Build.0 = Debug|x64
		{10DCE21A-3316-4C6D-954F-3EDD33675245}.Release|Mixed Platforms.ActiveCfg = Release|Win32
		{10DCE21A-3316-4C6D-954F-3EDD33675245}.Release|Mixed Platforms.Build.0 = Release|Win32
		{10DCE21A-3316-4C6D-954F-3EDD33675245}.Release|Win32.ActiveCfg = Release|Win32
		{10DCE21A-3316-4C6D-954F-3EDD33675245}.Release|Win32.Build.0 = Release|Win32
		{10DCE21A-3316-4C6D-954F-3EDD33675245}.Release|x64.ActiveCfg = Release|x64
		{10DCE21A-3316-4C6D-954F-3EDD33675245}.Release|x64.Build.0 = Release|x64
		{B8C95F39-54BF-40A9-807B-598DF2821D55}.Debug|Mixed Platforms.ActiveCfg = Debug|x64
		{B8C95F39-54BF-40A9-807B-598DF2821D55}.Debug|Mixed Platforms.Build.0 = Debug|x64
		{B8C95F39-54BF-40A9-807B-598DF2821D55}.Debug|Win32.ActiveCfg = Debug|x64
		{B8C95F39-54BF-40A9-807B-598DF2821D55}.Debug|x64.ActiveCfg = Debug|x64
		{B8C95F39-54BF-40A9-807B-598DF2821D55}.Debug|x64.Build.0 = Debug|x64
		{B8C95F39-54BF-40A9-807B-598DF2821D55}.Release|Mixed Platforms.ActiveCfg = Release|x64
		{B8C95F39-54BF-40A9-807B-598DF2821D55}.Release|Mixed Platforms.Build.0 = Release|x64
		{B8C95F39-54BF-40A9-807B-598DF2821D55}.Release|Win32.ActiveCfg = Release|x64
		{B8C95F39-54BF-40A9-807B-598DF2821D55}.Release|x64.ActiveCfg = Release|x64
		{B8C95F39-54BF-40A9-807B-598DF2821D55}.Release|x64.Build.0 = Release|x64
	EndGlobalSection
	GlobalSection(SolutionProperties) = preSolution
		HideSolutionNode = FALSE
	EndGlobalSection
EndGlobal
